
Microsoft Visual Studio Solution File, Format Version 12.00
# Visual Studio Version 17
VisualStudioVersion = 17.8.34408.163
MinimumVisualStudioVersion = 10.0.40219.1
Project("{2150E333-8FDC-42A3-9474-1A3956D46DE8}") = "CQRS-ES", "CQRS-ES", "{C85BDFAA-549C-444F-856B-9917C8F373F0}"
EndProject
Project("{2150E333-8FDC-42A3-9474-1A3956D46DE8}") = "SM-Post", "SM-Post", "{6E161BAC-D69C-4C11-B763-C49AA439E1C0}"
EndProject
Project("{2150E333-8FDC-42A3-9474-1A3956D46DE8}") = "Post.Cmd", "Post.Cmd", "{E915861E-BC0D-4EE8-8CE4-6065FF867A51}"
EndProject
Project("{2150E333-8FDC-42A3-9474-1A3956D46DE8}") = "Post.Query", "Post.Query", "{EFD19862-EEB5-4952-9325-B24DA4CF5655}"
EndProject
Project("{9A19103F-16F7-4668-BE54-9A1E7A4F7556}") = "CQRS.Core", "CQRS-ES\CQRS.Core\CQRS.Core.csproj", "{12A13E75-80B9-450A-9B57-EC2DBB4A1738}"
EndProject
Project("{9A19103F-16F7-4668-BE54-9A1E7A4F7556}") = "Post.Cmd.Api", "SM-Post\Post.Cmd\Post.Cmd.Api\Post.Cmd.Api.csproj", "{BE4C3D64-11E1-44CA-9432-267F6CDBB91C}"
EndProject
Project("{E53339B2-1760-4266-BCC7-CA923CBCF16C}") = "docker-compose", "docker-compose.dcproj", "{8113F5E4-860D-48E7-A0F6-001285DCEF1D}"
EndProject
Project("{2150E333-8FDC-42A3-9474-1A3956D46DE8}") = "Post.Common", "Post.Common", "{27C6EBA0-AFEC-43B8-966B-B5B0A48EA33B}"
EndProject
Project("{9A19103F-16F7-4668-BE54-9A1E7A4F7556}") = "Post.Cmd.Domain", "SM-Post\Post.Cmd\Post.Cmd.Domain\Post.Cmd.Domain.csproj", "{D681DC5C-F7BA-43E2-AAE7-1D38BD7D28F6}"
EndProject
Project("{9A19103F-16F7-4668-BE54-9A1E7A4F7556}") = "Post.Cmd.Infrastructure", "SM-Post\Post.Cmd\Post.Cmd.Infrastructure\Post.Cmd.Infrastructure.csproj", "{82739CDE-8936-4BE0-8714-DE62D787E915}"
EndProject
Project("{9A19103F-16F7-4668-BE54-9A1E7A4F7556}") = "Post.Query.Api", "SM-Post\Post.Query\Post.Query.Api\Post.Query.Api.csproj", "{8B893D19-0B38-483F-B23F-F48C391C53CC}"
EndProject
Project("{9A19103F-16F7-4668-BE54-9A1E7A4F7556}") = "Post.Query.Domain", "SM-Post\Post.Query\Post.Query.Domain\Post.Query.Domain.csproj", "{AD5F5822-DCC1-45E9-9987-9E681CF00FE4}"
EndProject
Project("{9A19103F-16F7-4668-BE54-9A1E7A4F7556}") = "Post.Query.Infrastructure", "SM-Post\Post.Query\Post.Query.Infrastructure\Post.Query.Infrastructure.csproj", "{D7C77995-4FCF-476C-B361-DC1C5BDACD08}"
EndProject
Project("{9A19103F-16F7-4668-BE54-9A1E7A4F7556}") = "Post.Common", "SM-Post\Post.Common\Post.Common.csproj", "{BA22E477-88A1-4667-AFC9-47A3C51569B5}"
EndProject
Global
	GlobalSection(SolutionConfigurationPlatforms) = preSolution
		Debug|Any CPU = Debug|Any CPU
		Release|Any CPU = Release|Any CPU
	EndGlobalSection
	GlobalSection(ProjectConfigurationPlatforms) = postSolution
		{12A13E75-80B9-450A-9B57-EC2DBB4A1738}.Debug|Any CPU.ActiveCfg = Debug|Any CPU
		{12A13E75-80B9-450A-9B57-EC2DBB4A1738}.Debug|Any CPU.Build.0 = Debug|Any CPU
		{12A13E75-80B9-450A-9B57-EC2DBB4A1738}.Release|Any CPU.ActiveCfg = Release|Any CPU
		{12A13E75-80B9-450A-9B57-EC2DBB4A1738}.Release|Any CPU.Build.0 = Release|Any CPU
		{BE4C3D64-11E1-44CA-9432-267F6CDBB91C}.Debug|Any CPU.ActiveCfg = Debug|Any CPU
		{BE4C3D64-11E1-44CA-9432-267F6CDBB91C}.Debug|Any CPU.Build.0 = Debug|Any CPU
		{BE4C3D64-11E1-44CA-9432-267F6CDBB91C}.Release|Any CPU.ActiveCfg = Release|Any CPU
		{BE4C3D64-11E1-44CA-9432-267F6CDBB91C}.Release|Any CPU.Build.0 = Release|Any CPU
		{8113F5E4-860D-48E7-A0F6-001285DCEF1D}.Debug|Any CPU.ActiveCfg = Debug|Any CPU
		{8113F5E4-860D-48E7-A0F6-001285DCEF1D}.Debug|Any CPU.Build.0 = Debug|Any CPU
		{8113F5E4-860D-48E7-A0F6-001285DCEF1D}.Release|Any CPU.ActiveCfg = Release|Any CPU
		{8113F5E4-860D-48E7-A0F6-001285DCEF1D}.Release|Any CPU.Build.0 = Release|Any CPU
		{D681DC5C-F7BA-43E2-AAE7-1D38BD7D28F6}.Debug|Any CPU.ActiveCfg = Debug|Any CPU
		{D681DC5C-F7BA-43E2-AAE7-1D38BD7D28F6}.Debug|Any CPU.Build.0 = Debug|Any CPU
		{D681DC5C-F7BA-43E2-AAE7-1D38BD7D28F6}.Release|Any CPU.ActiveCfg = Release|Any CPU
		{D681DC5C-F7BA-43E2-AAE7-1D38BD7D28F6}.Release|Any CPU.Build.0 = Release|Any CPU
		{82739CDE-8936-4BE0-8714-DE62D787E915}.Debug|Any CPU.ActiveCfg = Debug|Any CPU
		{82739CDE-8936-4BE0-8714-DE62D787E915}.Debug|Any CPU.Build.0 = Debug|Any CPU
		{82739CDE-8936-4BE0-8714-DE62D787E915}.Release|Any CPU.ActiveCfg = Release|Any CPU
		{82739CDE-8936-4BE0-8714-DE62D787E915}.Release|Any CPU.Build.0 = Release|Any CPU
		{8B893D19-0B38-483F-B23F-F48C391C53CC}.Debug|Any CPU.ActiveCfg = Debug|Any CPU
		{8B893D19-0B38-483F-B23F-F48C391C53CC}.Debug|Any CPU.Build.0 = Debug|Any CPU
		{8B893D19-0B38-483F-B23F-F48C391C53CC}.Release|Any CPU.ActiveCfg = Release|Any CPU
		{8B893D19-0B38-483F-B23F-F48C391C53CC}.Release|Any CPU.Build.0 = Release|Any CPU
		{AD5F5822-DCC1-45E9-9987-9E681CF00FE4}.Debug|Any CPU.ActiveCfg = Debug|Any CPU
		{AD5F5822-DCC1-45E9-9987-9E681CF00FE4}.Debug|Any CPU.Build.0 = Debug|Any CPU
		{AD5F5822-DCC1-45E9-9987-9E681CF00FE4}.Release|Any CPU.ActiveCfg = Release|Any CPU
		{AD5F5822-DCC1-45E9-9987-9E681CF00FE4}.Release|Any CPU.Build.0 = Release|Any CPU
		{D7C77995-4FCF-476C-B361-DC1C5BDACD08}.Debug|Any CPU.ActiveCfg = Debug|Any CPU
		{D7C77995-4FCF-476C-B361-DC1C5BDACD08}.Debug|Any CPU.Build.0 = Debug|Any CPU
		{D7C77995-4FCF-476C-B361-DC1C5BDACD08}.Release|Any CPU.ActiveCfg = Release|Any CPU
		{D7C77995-4FCF-476C-B361-DC1C5BDACD08}.Release|Any CPU.Build.0 = Release|Any CPU
		{BA22E477-88A1-4667-AFC9-47A3C51569B5}.Debug|Any CPU.ActiveCfg = Debug|Any CPU
		{BA22E477-88A1-4667-AFC9-47A3C51569B5}.Debug|Any CPU.Build.0 = Debug|Any CPU
		{BA22E477-88A1-4667-AFC9-47A3C51569B5}.Release|Any CPU.ActiveCfg = Release|Any CPU
		{BA22E477-88A1-4667-AFC9-47A3C51569B5}.Release|Any CPU.Build.0 = Release|Any CPU
	EndGlobalSection
	GlobalSection(SolutionProperties) = preSolution
		HideSolutionNode = FALSE
	EndGlobalSection
	GlobalSection(NestedProjects) = preSolution
		{E915861E-BC0D-4EE8-8CE4-6065FF867A51} = {6E161BAC-D69C-4C11-B763-C49AA439E1C0}
		{EFD19862-EEB5-4952-9325-B24DA4CF5655} = {6E161BAC-D69C-4C11-B763-C49AA439E1C0}
		{12A13E75-80B9-450A-9B57-EC2DBB4A1738} = {C85BDFAA-549C-444F-856B-9917C8F373F0}
		{BE4C3D64-11E1-44CA-9432-267F6CDBB91C} = {E915861E-BC0D-4EE8-8CE4-6065FF867A51}
		{27C6EBA0-AFEC-43B8-966B-B5B0A48EA33B} = {6E161BAC-D69C-4C11-B763-C49AA439E1C0}
		{D681DC5C-F7BA-43E2-AAE7-1D38BD7D28F6} = {E915861E-BC0D-4EE8-8CE4-6065FF867A51}
		{82739CDE-8936-4BE0-8714-DE62D787E915} = {E915861E-BC0D-4EE8-8CE4-6065FF867A51}
		{8B893D19-0B38-483F-B23F-F48C391C53CC} = {EFD19862-EEB5-4952-9325-B24DA4CF5655}
		{AD5F5822-DCC1-45E9-9987-9E681CF00FE4} = {EFD19862-EEB5-4952-9325-B24DA4CF5655}
		{D7C77995-4FCF-476C-B361-DC1C5BDACD08} = {EFD19862-EEB5-4952-9325-B24DA4CF5655}
		{BA22E477-88A1-4667-AFC9-47A3C51569B5} = {27C6EBA0-AFEC-43B8-966B-B5B0A48EA33B}
	EndGlobalSection
	GlobalSection(ExtensibilityGlobals) = postSolution
		SolutionGuid = {09CCD2FD-0C91-479E-BF5B-F7783D2CE75E}
	EndGlobalSection
EndGlobal
